
Microsoft Visual Studio Solution File, Format Version 12.00
# Visual Studio Version 17
VisualStudioVersion = 17.0.32014.148
MinimumVisualStudioVersion = 10.0.40219.1
Project("{888888A0-9F3D-457C-B088-3A5042F75D52}") = "ООАиП_Пр5", "ООАиП_Пр5.pyproj", "{04182601-08A0-415F-99C8-4BB09F4497A6}"
EndProject
Global
	GlobalSection(SolutionConfigurationPlatforms) = preSolution
		Debug|Any CPU = Debug|Any CPU
		Release|Any CPU = Release|Any CPU
	EndGlobalSection
	GlobalSection(ProjectConfigurationPlatforms) = postSolution
		{04182601-08A0-415F-99C8-4BB09F4497A6}.Debug|Any CPU.ActiveCfg = Debug|Any CPU
		{04182601-08A0-415F-99C8-4BB09F4497A6}.Release|Any CPU.ActiveCfg = Release|Any CPU
	EndGlobalSection
	GlobalSection(SolutionProperties) = preSolution
		HideSolutionNode = FALSE
	EndGlobalSection
	GlobalSection(ExtensibilityGlobals) = postSolution
		SolutionGuid = {316E08FA-3B8D-4858-8A8F-F42DB27706DB}
	EndGlobalSection
EndGlobal
